
Microsoft Visual Studio Solution File, Format Version 12.00
# Visual Studio Version 17
VisualStudioVersion = 17.5.33530.505
MinimumVisualStudioVersion = 10.0.40219.1
Project("{FAE04EC0-301F-11D3-BF4B-00C04F79EFBC}") = "App.Android", "App\App.Android\App.Android.csproj", "{C8D863B2-0645-4FFF-B751-9FE1F44FB989}"
EndProject
Project("{FAE04EC0-301F-11D3-BF4B-00C04F79EFBC}") = "App", "App\App\App.csproj", "{02FFF866-345D-4E96-973C-006641040E3F}"
EndProject
Global
	GlobalSection(SolutionConfigurationPlatforms) = preSolution
		Debug|Any CPU = Debug|Any CPU
		Release|Any CPU = Release|Any CPU
	EndGlobalSection
	GlobalSection(ProjectConfigurationPlatforms) = postSolution
		{C8D863B2-0645-4FFF-B751-9FE1F44FB989}.Debug|Any CPU.ActiveCfg = Debug|Any CPU
		{C8D863B2-0645-4FFF-B751-9FE1F44FB989}.Debug|Any CPU.Build.0 = Debug|Any CPU
		{C8D863B2-0645-4FFF-B751-9FE1F44FB989}.Debug|Any CPU.Deploy.0 = Debug|Any CPU
		{C8D863B2-0645-4FFF-B751-9FE1F44FB989}.Release|Any CPU.ActiveCfg = Release|Any CPU
		{C8D863B2-0645-4FFF-B751-9FE1F44FB989}.Release|Any CPU.Build.0 = Release|Any CPU
		{C8D863B2-0645-4FFF-B751-9FE1F44FB989}.Release|Any CPU.Deploy.0 = Release|Any CPU
		{02FFF866-345D-4E96-973C-006641040E3F}.Debug|Any CPU.ActiveCfg = Debug|Any CPU
		{02FFF866-345D-4E96-973C-006641040E3F}.Debug|Any CPU.Build.0 = Debug|Any CPU
		{02FFF866-345D-4E96-973C-006641040E3F}.Debug|Any CPU.Deploy.0 = Debug|Any CPU
		{02FFF866-345D-4E96-973C-006641040E3F}.Release|Any CPU.ActiveCfg = Release|Any CPU
		{02FFF866-345D-4E96-973C-006641040E3F}.Release|Any CPU.Build.0 = Release|Any CPU
		{02FFF866-345D-4E96-973C-006641040E3F}.Release|Any CPU.Deploy.0 = Release|Any CPU
	EndGlobalSection
	GlobalSection(SolutionProperties) = preSolution
		HideSolutionNode = FALSE
	EndGlobalSection
	GlobalSection(ExtensibilityGlobals) = postSolution
		SolutionGuid = {22FEE2F0-22E9-494D-9997-503448B7D57D}
	EndGlobalSection
EndGlobal
